
Microsoft Visual Studio Solution File, Format Version 12.00
# Visual Studio Version 17
VisualStudioVersion = 17.6.33417.168
MinimumVisualStudioVersion = 10.0.40219.1
Project("{9A19103F-16F7-4668-BE54-9A1E7A4F7556}") = "ExampleApp", "samples\ExampleApp\ExampleApp.csproj", "{5E532B26-7455-4CEE-A13F-BDE1548D2696}"
EndProject
Project("{2150E333-8FDC-42A3-9474-1A3956D46DE8}") = "samples", "samples", "{0D4BE120-6CB1-44A8-9270-D550FCD43B0F}"
EndProject
Project("{2150E333-8FDC-42A3-9474-1A3956D46DE8}") = "generators", "generators", "{398F6FCD-A437-4C2E-9C89-03D4AC084799}"
EndProject
Project("{9A19103F-16F7-4668-BE54-9A1E7A4F7556}") = "CodeMarkup.WinUI.Generator.Extensions", "generators\CodeMarkup.WinUI.Generator.Extensions\CodeMarkup.WinUI.Generator.Extensions.csproj", "{420ACBFF-9878-4D2A-86FB-28A3AFE0D3D1}"
EndProject
Project("{9A19103F-16F7-4668-BE54-9A1E7A4F7556}") = "CodeMarkup.WinUI.Generator.Classes", "generators\CodeMarkup.WinUI.Generator.Classes\CodeMarkup.WinUI.Generator.Classes.csproj", "{37D388B9-B5DD-4254-9063-BEC7E5B4B1C1}"
EndProject
Project("{9A19103F-16F7-4668-BE54-9A1E7A4F7556}") = "CodeMarkup.WinUI", "main\CodeMarkup.WinUI\CodeMarkup.WinUI.csproj", "{B4E0968D-6F30-4F94-983F-A3BCAA688B71}"
EndProject
Project("{2150E333-8FDC-42A3-9474-1A3956D46DE8}") = "main", "main", "{DE639D41-0E3F-46D7-B02A-2428DBED3979}"
EndProject
Project("{9A19103F-16F7-4668-BE54-9A1E7A4F7556}") = "CodeMarkup.WinUI.HotReload", "main\CodeMarkup.WinUI.HotReload\CodeMarkup.WinUI.HotReload.csproj", "{4B4FE44F-91DD-47D6-947E-DAD7C5F88A36}"
EndProject
Project("{2150E333-8FDC-42A3-9474-1A3956D46DE8}") = "doc", "doc", "{E641571E-4CE5-445B-8177-FD490EBEB89C}"
	ProjectSection(SolutionItems) = preProject
		..\README.md = ..\README.md
	EndProjectSection
EndProject
Global
	GlobalSection(SolutionConfigurationPlatforms) = preSolution
		Debug|Any CPU = Debug|Any CPU
		Debug|ARM64 = Debug|ARM64
		Debug|x64 = Debug|x64
		Debug|x86 = Debug|x86
		Release|Any CPU = Release|Any CPU
		Release|ARM64 = Release|ARM64
		Release|x64 = Release|x64
		Release|x86 = Release|x86
	EndGlobalSection
	GlobalSection(ProjectConfigurationPlatforms) = postSolution
		{5E532B26-7455-4CEE-A13F-BDE1548D2696}.Debug|Any CPU.ActiveCfg = Debug|x64
		{5E532B26-7455-4CEE-A13F-BDE1548D2696}.Debug|Any CPU.Build.0 = Debug|x64
		{5E532B26-7455-4CEE-A13F-BDE1548D2696}.Debug|Any CPU.Deploy.0 = Debug|x64
		{5E532B26-7455-4CEE-A13F-BDE1548D2696}.Debug|ARM64.ActiveCfg = Debug|ARM64
		{5E532B26-7455-4CEE-A13F-BDE1548D2696}.Debug|ARM64.Build.0 = Debug|ARM64
		{5E532B26-7455-4CEE-A13F-BDE1548D2696}.Debug|ARM64.Deploy.0 = Debug|ARM64
		{5E532B26-7455-4CEE-A13F-BDE1548D2696}.Debug|x64.ActiveCfg = Debug|x64
		{5E532B26-7455-4CEE-A13F-BDE1548D2696}.Debug|x64.Build.0 = Debug|x64
		{5E532B26-7455-4CEE-A13F-BDE1548D2696}.Debug|x64.Deploy.0 = Debug|x64
		{5E532B26-7455-4CEE-A13F-BDE1548D2696}.Debug|x86.ActiveCfg = Debug|x86
		{5E532B26-7455-4CEE-A13F-BDE1548D2696}.Debug|x86.Build.0 = Debug|x86
		{5E532B26-7455-4CEE-A13F-BDE1548D2696}.Debug|x86.Deploy.0 = Debug|x86
		{5E532B26-7455-4CEE-A13F-BDE1548D2696}.Release|Any CPU.ActiveCfg = Release|x64
		{5E532B26-7455-4CEE-A13F-BDE1548D2696}.Release|Any CPU.Build.0 = Release|x64
		{5E532B26-7455-4CEE-A13F-BDE1548D2696}.Release|Any CPU.Deploy.0 = Release|x64
		{5E532B26-7455-4CEE-A13F-BDE1548D2696}.Release|ARM64.ActiveCfg = Release|ARM64
		{5E532B26-7455-4CEE-A13F-BDE1548D2696}.Release|ARM64.Build.0 = Release|ARM64
		{5E532B26-7455-4CEE-A13F-BDE1548D2696}.Release|ARM64.Deploy.0 = Release|ARM64
		{5E532B26-7455-4CEE-A13F-BDE1548D2696}.Release|x64.ActiveCfg = Release|x64
		{5E532B26-7455-4CEE-A13F-BDE1548D2696}.Release|x64.Build.0 = Release|x64
		{5E532B26-7455-4CEE-A13F-BDE1548D2696}.Release|x64.Deploy.0 = Release|x64
		{5E532B26-7455-4CEE-A13F-BDE1548D2696}.Release|x86.ActiveCfg = Release|x86
		{5E532B26-7455-4CEE-A13F-BDE1548D2696}.Release|x86.Build.0 = Release|x86
		{5E532B26-7455-4CEE-A13F-BDE1548D2696}.Release|x86.Deploy.0 = Release|x86
		{420ACBFF-9878-4D2A-86FB-28A3AFE0D3D1}.Debug|Any CPU.ActiveCfg = Debug|Any CPU
		{420ACBFF-9878-4D2A-86FB-28A3AFE0D3D1}.Debug|Any CPU.Build.0 = Debug|Any CPU
		{420ACBFF-9878-4D2A-86FB-28A3AFE0D3D1}.Debug|ARM64.ActiveCfg = Debug|Any CPU
		{420ACBFF-9878-4D2A-86FB-28A3AFE0D3D1}.Debug|ARM64.Build.0 = Debug|Any CPU
		{420ACBFF-9878-4D2A-86FB-28A3AFE0D3D1}.Debug|x64.ActiveCfg = Debug|Any CPU
		{420ACBFF-9878-4D2A-86FB-28A3AFE0D3D1}.Debug|x64.Build.0 = Debug|Any CPU
		{420ACBFF-9878-4D2A-86FB-28A3AFE0D3D1}.Debug|x86.ActiveCfg = Debug|Any CPU
		{420ACBFF-9878-4D2A-86FB-28A3AFE0D3D1}.Debug|x86.Build.0 = Debug|Any CPU
		{420ACBFF-9878-4D2A-86FB-28A3AFE0D3D1}.Release|Any CPU.ActiveCfg = Release|Any CPU
		{420ACBFF-9878-4D2A-86FB-28A3AFE0D3D1}.Release|Any CPU.Build.0 = Release|Any CPU
		{420ACBFF-9878-4D2A-86FB-28A3AFE0D3D1}.Release|ARM64.ActiveCfg = Release|Any CPU
		{420ACBFF-9878-4D2A-86FB-28A3AFE0D3D1}.Release|ARM64.Build.0 = Release|Any CPU
		{420ACBFF-9878-4D2A-86FB-28A3AFE0D3D1}.Release|x64.ActiveCfg = Release|Any CPU
		{420ACBFF-9878-4D2A-86FB-28A3AFE0D3D1}.Release|x64.Build.0 = Release|Any CPU
		{420ACBFF-9878-4D2A-86FB-28A3AFE0D3D1}.Release|x86.ActiveCfg = Release|Any CPU
		{420ACBFF-9878-4D2A-86FB-28A3AFE0D3D1}.Release|x86.Build.0 = Release|Any CPU
		{37D388B9-B5DD-4254-9063-BEC7E5B4B1C1}.Debug|Any CPU.ActiveCfg = Debug|Any CPU
		{37D388B9-B5DD-4254-9063-BEC7E5B4B1C1}.Debug|Any CPU.Build.0 = Debug|Any CPU
		{37D388B9-B5DD-4254-9063-BEC7E5B4B1C1}.Debug|ARM64.ActiveCfg = Debug|Any CPU
		{37D388B9-B5DD-4254-9063-BEC7E5B4B1C1}.Debug|ARM64.Build.0 = Debug|Any CPU
		{37D388B9-B5DD-4254-9063-BEC7E5B4B1C1}.Debug|x64.ActiveCfg = Debug|Any CPU
		{37D388B9-B5DD-4254-9063-BEC7E5B4B1C1}.Debug|x64.Build.0 = Debug|Any CPU
		{37D388B9-B5DD-4254-9063-BEC7E5B4B1C1}.Debug|x86.ActiveCfg = Debug|Any CPU
		{37D388B9-B5DD-4254-9063-BEC7E5B4B1C1}.Debug|x86.Build.0 = Debug|Any CPU
		{37D388B9-B5DD-4254-9063-BEC7E5B4B1C1}.Release|Any CPU.ActiveCfg = Release|Any CPU
		{37D388B9-B5DD-4254-9063-BEC7E5B4B1C1}.Release|Any CPU.Build.0 = Release|Any CPU
		{37D388B9-B5DD-4254-9063-BEC7E5B4B1C1}.Release|ARM64.ActiveCfg = Release|Any CPU
		{37D388B9-B5DD-4254-9063-BEC7E5B4B1C1}.Release|ARM64.Build.0 = Release|Any CPU
		{37D388B9-B5DD-4254-9063-BEC7E5B4B1C1}.Release|x64.ActiveCfg = Release|Any CPU
		{37D388B9-B5DD-4254-9063-BEC7E5B4B1C1}.Release|x64.Build.0 = Release|Any CPU
		{37D388B9-B5DD-4254-9063-BEC7E5B4B1C1}.Release|x86.ActiveCfg = Release|Any CPU
		{37D388B9-B5DD-4254-9063-BEC7E5B4B1C1}.Release|x86.Build.0 = Release|Any CPU
		{B4E0968D-6F30-4F94-983F-A3BCAA688B71}.Debug|Any CPU.ActiveCfg = Debug|Any CPU
		{B4E0968D-6F30-4F94-983F-A3BCAA688B71}.Debug|Any CPU.Build.0 = Debug|Any CPU
		{B4E0968D-6F30-4F94-983F-A3BCAA688B71}.Debug|ARM64.ActiveCfg = Debug|Any CPU
		{B4E0968D-6F30-4F94-983F-A3BCAA688B71}.Debug|ARM64.Build.0 = Debug|Any CPU
		{B4E0968D-6F30-4F94-983F-A3BCAA688B71}.Debug|x64.ActiveCfg = Debug|Any CPU
		{B4E0968D-6F30-4F94-983F-A3BCAA688B71}.Debug|x64.Build.0 = Debug|Any CPU
		{B4E0968D-6F30-4F94-983F-A3BCAA688B71}.Debug|x86.ActiveCfg = Debug|Any CPU
		{B4E0968D-6F30-4F94-983F-A3BCAA688B71}.Debug|x86.Build.0 = Debug|Any CPU
		{B4E0968D-6F30-4F94-983F-A3BCAA688B71}.Release|Any CPU.ActiveCfg = Release|Any CPU
		{B4E0968D-6F30-4F94-983F-A3BCAA688B71}.Release|Any CPU.Build.0 = Release|Any CPU
		{B4E0968D-6F30-4F94-983F-A3BCAA688B71}.Release|ARM64.ActiveCfg = Release|Any CPU
		{B4E0968D-6F30-4F94-983F-A3BCAA688B71}.Release|ARM64.Build.0 = Release|Any CPU
		{B4E0968D-6F30-4F94-983F-A3BCAA688B71}.Release|x64.ActiveCfg = Release|Any CPU
		{B4E0968D-6F30-4F94-983F-A3BCAA688B71}.Release|x64.Build.0 = Release|Any CPU
		{B4E0968D-6F30-4F94-983F-A3BCAA688B71}.Release|x86.ActiveCfg = Release|Any CPU
		{B4E0968D-6F30-4F94-983F-A3BCAA688B71}.Release|x86.Build.0 = Release|Any CPU
		{4B4FE44F-91DD-47D6-947E-DAD7C5F88A36}.Debug|Any CPU.ActiveCfg = Debug|Any CPU
		{4B4FE44F-91DD-47D6-947E-DAD7C5F88A36}.Debug|Any CPU.Build.0 = Debug|Any CPU
		{4B4FE44F-91DD-47D6-947E-DAD7C5F88A36}.Debug|ARM64.ActiveCfg = Debug|Any CPU
		{4B4FE44F-91DD-47D6-947E-DAD7C5F88A36}.Debug|ARM64.Build.0 = Debug|Any CPU
		{4B4FE44F-91DD-47D6-947E-DAD7C5F88A36}.Debug|x64.ActiveCfg = Debug|Any CPU
		{4B4FE44F-91DD-47D6-947E-DAD7C5F88A36}.Debug|x64.Build.0 = Debug|Any CPU
		{4B4FE44F-91DD-47D6-947E-DAD7C5F88A36}.Debug|x86.ActiveCfg = Debug|Any CPU
		{4B4FE44F-91DD-47D6-947E-DAD7C5F88A36}.Debug|x86.Build.0 = Debug|Any CPU
		{4B4FE44F-91DD-47D6-947E-DAD7C5F88A36}.Release|Any CPU.ActiveCfg = Release|Any CPU
		{4B4FE44F-91DD-47D6-947E-DAD7C5F88A36}.Release|Any CPU.Build.0 = Release|Any CPU
		{4B4FE44F-91DD-47D6-947E-DAD7C5F88A36}.Release|ARM64.ActiveCfg = Release|Any CPU
		{4B4FE44F-91DD-47D6-947E-DAD7C5F88A36}.Release|ARM64.Build.0 = Release|Any CPU
		{4B4FE44F-91DD-47D6-947E-DAD7C5F88A36}.Release|x64.ActiveCfg = Release|Any CPU
		{4B4FE44F-91DD-47D6-947E-DAD7C5F88A36}.Release|x64.Build.0 = Release|Any CPU
		{4B4FE44F-91DD-47D6-947E-DAD7C5F88A36}.Release|x86.ActiveCfg = Release|Any CPU
		{4B4FE44F-91DD-47D6-947E-DAD7C5F88A36}.Release|x86.Build.0 = Release|Any CPU
	EndGlobalSection
	GlobalSection(SolutionProperties) = preSolution
		HideSolutionNode = FALSE
	EndGlobalSection
	GlobalSection(NestedProjects) = preSolution
		{5E532B26-7455-4CEE-A13F-BDE1548D2696} = {0D4BE120-6CB1-44A8-9270-D550FCD43B0F}
		{420ACBFF-9878-4D2A-86FB-28A3AFE0D3D1} = {398F6FCD-A437-4C2E-9C89-03D4AC084799}
		{37D388B9-B5DD-4254-9063-BEC7E5B4B1C1} = {398F6FCD-A437-4C2E-9C89-03D4AC084799}
		{B4E0968D-6F30-4F94-983F-A3BCAA688B71} = {DE639D41-0E3F-46D7-B02A-2428DBED3979}
		{4B4FE44F-91DD-47D6-947E-DAD7C5F88A36} = {DE639D41-0E3F-46D7-B02A-2428DBED3979}
	EndGlobalSection
	GlobalSection(ExtensibilityGlobals) = postSolution
		SolutionGuid = {D0CE25B4-18CB-43D1-BD94-E9947A4B145A}
	EndGlobalSection
EndGlobal
